
Microsoft Visual Studio Solution File, Format Version 12.00
# Visual Studio Version 17
VisualStudioVersion = 17.5.002.0
MinimumVisualStudioVersion = 10.0.40219.1
Project("{9A19103F-16F7-4668-BE54-9A1E7A4F7556}") = "sqlproj", "sqlproj\sqlproj.csproj", "{D7B607D9-35B8-44BE-9F5E-7BC3B70AD67F}"
EndProject
Global
	GlobalSection(SolutionConfigurationPlatforms) = preSolution
		Debug|Any CPU = Debug|Any CPU
		Release|Any CPU = Release|Any CPU
	EndGlobalSection
	GlobalSection(ProjectConfigurationPlatforms) = postSolution
		{D7B607D9-35B8-44BE-9F5E-7BC3B70AD67F}.Debug|Any CPU.ActiveCfg = Debug|Any CPU
		{D7B607D9-35B8-44BE-9F5E-7BC3B70AD67F}.Debug|Any CPU.Build.0 = Debug|Any CPU
		{D7B607D9-35B8-44BE-9F5E-7BC3B70AD67F}.Release|Any CPU.ActiveCfg = Release|Any CPU
		{D7B607D9-35B8-44BE-9F5E-7BC3B70AD67F}.Release|Any CPU.Build.0 = Release|Any CPU
	EndGlobalSection
	GlobalSection(SolutionProperties) = preSolution
		HideSolutionNode = FALSE
	EndGlobalSection
	GlobalSection(ExtensibilityGlobals) = postSolution
		SolutionGuid = {68710C93-6311-452D-9B8F-05DEAECF82BB}
	EndGlobalSection
EndGlobal
